
Microsoft Visual Studio Solution File, Format Version 12.00
# Visual Studio Version 16
VisualStudioVersion = 16.0.31205.134
MinimumVisualStudioVersion = 10.0.40219.1
Project("{FAE04EC0-301F-11D3-BF4B-00C04F79EFBC}") = "MessagingModule", "MessagingModule\MessagingModule.csproj", "{02651516-5CAC-42D3-85F7-E7395D99E7B8}"
EndProject
Project("{FAE04EC0-301F-11D3-BF4B-00C04F79EFBC}") = "TestMessaging", "TestMessaging\TestMessaging.csproj", "{D8D0D530-28A5-421F-A45C-20512F15547C}"
EndProject
Global
	GlobalSection(SolutionConfigurationPlatforms) = preSolution
		Debug|Any CPU = Debug|Any CPU
		Release|Any CPU = Release|Any CPU
	EndGlobalSection
	GlobalSection(ProjectConfigurationPlatforms) = postSolution
		{02651516-5CAC-42D3-85F7-E7395D99E7B8}.Debug|Any CPU.ActiveCfg = Debug|Any CPU
		{02651516-5CAC-42D3-85F7-E7395D99E7B8}.Debug|Any CPU.Build.0 = Debug|Any CPU
		{02651516-5CAC-42D3-85F7-E7395D99E7B8}.Release|Any CPU.ActiveCfg = Release|Any CPU
		{02651516-5CAC-42D3-85F7-E7395D99E7B8}.Release|Any CPU.Build.0 = Release|Any CPU
		{D8D0D530-28A5-421F-A45C-20512F15547C}.Debug|Any CPU.ActiveCfg = Debug|Any CPU
		{D8D0D530-28A5-421F-A45C-20512F15547C}.Debug|Any CPU.Build.0 = Debug|Any CPU
		{D8D0D530-28A5-421F-A45C-20512F15547C}.Release|Any CPU.ActiveCfg = Release|Any CPU
		{D8D0D530-28A5-421F-A45C-20512F15547C}.Release|Any CPU.Build.0 = Release|Any CPU
	EndGlobalSection
	GlobalSection(SolutionProperties) = preSolution
		HideSolutionNode = FALSE
	EndGlobalSection
	GlobalSection(ExtensibilityGlobals) = postSolution
		SolutionGuid = {B52B69A1-2AF0-4C3B-B495-39DCC809AE01}
	EndGlobalSection
EndGlobal
